// !$*UTF8*$!
{
	archiveVersion = 1;
	classes = {
	};
	objectVersion = 77;
	objects = {

/* Begin PBXBuildFile section */
		6141DB7B2ED6AAD7007175B2 /* yolov8m.mlpackage in Sources */ = {isa = PBXBuildFile; fileRef = 6141DB7A2ED6AAD7007175B2 /* yolov8m.mlpackage */; };
		6141DB7D2ED6ABB2007175B2 /* yolov8l.mlpackage in Sources */ = {isa = PBXBuildFile; fileRef = 6141DB7C2ED6ABB2007175B2 /* yolov8l.mlpackage */; };
/* End PBXBuildFile section */

/* Begin PBXContainerItemProxy section */
		61AAB4CD2ED3F3860001A3C6 /* PBXContainerItemProxy */ = {
			isa = PBXContainerItemProxy;
			containerPortal = 61AAB4B72ED3F3850001A3C6 /* Project object */;
			proxyType = 1;
			remoteGlobalIDString = 61AAB4BE2ED3F3850001A3C6;
			remoteInfo = EchoNav;
		};
		61AAB4D72ED3F3860001A3C6 /* PBXContainerItemProxy */ = {
			isa = PBXContainerItemProxy;
			containerPortal = 61AAB4B72ED3F3850001A3C6 /* Project object */;
			proxyType = 1;
			remoteGlobalIDString = 61AAB4BE2ED3F3850001A3C6;
			remoteInfo = EchoNav;
		};
/* End PBXContainerItemProxy section */

/* Begin PBXFileReference section */
		6141DB7A2ED6AAD7007175B2 /* yolov8m.mlpackage */ = {isa = PBXFileReference; lastKnownFileType = folder.mlpackage; path = yolov8m.mlpackage; sourceTree = "<group>"; };
		6141DB7C2ED6ABB2007175B2 /* yolov8l.mlpackage */ = {isa = PBXFileReference; lastKnownFileType = folder.mlpackage; path = yolov8l.mlpackage; sourceTree = "<group>"; };
		61AAB4BF2ED3F3850001A3C6 /* EchoNav.app */ = {isa = PBXFileReference; explicitFileType = wrapper.application; includeInIndex = 0; path = EchoNav.app; sourceTree = BUILT_PRODUCTS_DIR; };
		61AAB4CC2ED3F3860001A3C6 /* EchoNavTests.xctest */ = {isa = PBXFileReference; explicitFileType = wrapper.cfbundle; includeInIndex = 0; path = EchoNavTests.xctest; sourceTree = BUILT_PRODUCTS_DIR; };
		61AAB4D62ED3F3860001A3C6 /* EchoNavUITests.xctest */ = {isa = PBXFileReference; explicitFileType = wrapper.cfbundle; includeInIndex = 0; path = EchoNavUITests.xctest; sourceTree = BUILT_PRODUCTS_DIR; };
/* End PBXFileReference section */

/* Begin PBXFileSystemSynchronizedRootGroup section */
		61AAB4C12ED3F3850001A3C6 /* EchoNav */ = {
			isa = PBXFileSystemSynchronizedRootGroup;
			path = EchoNav;
			sourceTree = "<group>";
		};
		61AAB4CF2ED3F3860001A3C6 /* EchoNavTests */ = {
			isa = PBXFileSystemSynchronizedRootGroup;
			path = EchoNavTests;
			sourceTree = "<group>";
		};
		61AAB4D92ED3F3860001A3C6 /* EchoNavUITests */ = {
			isa = PBXFileSystemSynchronizedRootGroup;
			path = EchoNavUITests;
			sourceTree = "<group>";
		};
/* End PBXFileSystemSynchronizedRootGroup section */

/* Begin PBXFrameworksBuildPhase section */
		61AAB4BC2ED3F3850001A3C6 /* Frameworks */ = {
			isa = PBXFrameworksBuildPhase;
			buildActionMask = 2147483647;
			files = (
			);
			runOnlyForDeploymentPostprocessing = 0;
		};
		61AAB4C92ED3F3860001A3C6 /* Frameworks */ = {
			isa = PBXFrameworksBuildPhase;
			buildActionMask = 2147483647;
			files = (
			);
			runOnlyForDeploymentPostprocessing = 0;
		};
		61AAB4D32ED3F3860001A3C6 /* Frameworks */ = {
			isa = PBXFrameworksBuildPhase;
			buildActionMask = 2147483647;
			files = (
			);
			runOnlyForDeploymentPostprocessing = 0;
		};
/* End PBXFrameworksBuildPhase section */

/* Begin PBXGroup section */
		61AAB4B62ED3F3850001A3C6 = {
			isa = PBXGroup;
			children = (
				61AAB4C12ED3F3850001A3C6 /* EchoNav */,
				61AAB4CF2ED3F3860001A3C6 /* EchoNavTests */,
				61AAB4D92ED3F3860001A3C6 /* EchoNavUITests */,
				61AAB4C02ED3F3850001A3C6 /* Products */,
				6141DB7A2ED6AAD7007175B2 /* yolov8m.mlpackage */,
				6141DB7C2ED6ABB2007175B2 /* yolov8l.mlpackage */,
			);
			sourceTree = "<group>";
		};
		61AAB4C02ED3F3850001A3C6 /* Products */ = {
			isa = PBXGroup;
			children = (
				61AAB4BF2ED3F3850001A3C6 /* EchoNav.app */,
				61AAB4CC2ED3F3860001A3C6 /* EchoNavTests.xctest */,
				61AAB4D62ED3F3860001A3C6 /* EchoNavUITests.xctest */,
			);
			name = Products;
			sourceTree = "<group>";
		};
/* End PBXGroup section */

/* Begin PBXNativeTarget section */
		61AAB4BE2ED3F3850001A3C6 /* EchoNav */ = {
			isa = PBXNativeTarget;
			buildConfigurationList = 61AAB4E02ED3F3860001A3C6 /* Build configuration list for PBXNativeTarget "EchoNav" */;
			buildPhases = (
				61AAB4BB2ED3F3850001A3C6 /* Sources */,
				61AAB4BC2ED3F3850001A3C6 /* Frameworks */,
				61AAB4BD2ED3F3850001A3C6 /* Resources */,
			);
			buildRules = (
			);
			dependencies = (
			);
			fileSystemSynchronizedGroups = (
				61AAB4C12ED3F3850001A3C6 /* EchoNav */,
			);
			name = EchoNav;
			packageProductDependencies = (
			);
			productName = EchoNav;
			productReference = 61AAB4BF2ED3F3850001A3C6 /* EchoNav.app */;
			productType = "com.apple.product-type.application";
		};
		61AAB4CB2ED3F3860001A3C6 /* EchoNavTests */ = {
			isa = PBXNativeTarget;
			buildConfigurationList = 61AAB4E32ED3F3860001A3C6 /* Build configuration list for PBXNativeTarget "EchoNavTests" */;
			buildPhases = (
				61AAB4C82ED3F3860001A3C6 /* Sources */,
				61AAB4C92ED3F3860001A3C6 /* Frameworks */,
				61AAB4CA2ED3F3860001A3C6 /* Resources */,
			);
			buildRules = (
			);
			dependencies = (
				61AAB4CE2ED3F3860001A3C6 /* PBXTargetDependency */,
			);
			fileSystemSynchronizedGroups = (
				61AAB4CF2ED3F3860001A3C6 /* EchoNavTests */,
			);
			name = EchoNavTests;
			packageProductDependencies = (
			);
			productName = EchoNavTests;
			productReference = 61AAB4CC2ED3F3860001A3C6 /* EchoNavTests.xctest */;
			productType = "com.apple.product-type.bundle.unit-test";
		};
		61AAB4D52ED3F3860001A3C6 /* EchoNavUITests */ = {
			isa = PBXNativeTarget;
			buildConfigurationList = 61AAB4E62ED3F3860001A3C6 /* Build configuration list for PBXNativeTarget "EchoNavUITests" */;
			buildPhases = (
				61AAB4D22ED3F3860001A3C6 /* Sources */,
				61AAB4D32ED3F3860001A3C6 /* Frameworks */,
				61AAB4D42ED3F3860001A3C6 /* Resources */,
			);
			buildRules = (
			);
			dependencies = (
				61AAB4D82ED3F3860001A3C6 /* PBXTargetDependency */,
			);
			fileSystemSynchronizedGroups = (
				61AAB4D92ED3F3860001A3C6 /* EchoNavUITests */,
			);
			name = EchoNavUITests;
			packageProductDependencies = (
			);
			productName = EchoNavUITests;
			productReference = 61AAB4D62ED3F3860001A3C6 /* EchoNavUITests.xctest */;
			productType = "com.apple.product-type.bundle.ui-testing";
		};
/* End PBXNativeTarget section */

/* Begin PBXProject section */
		61AAB4B72ED3F3850001A3C6 /* Project object */ = {
			isa = PBXProject;
			attributes = {
				BuildIndependentTargetsInParallel = 1;
				LastSwiftUpdateCheck = 2610;
				LastUpgradeCheck = 2610;
				TargetAttributes = {
					61AAB4BE2ED3F3850001A3C6 = {
						CreatedOnToolsVersion = 26.1.1;
					};
					61AAB4CB2ED3F3860001A3C6 = {
						CreatedOnToolsVersion = 26.1.1;
						TestTargetID = 61AAB4BE2ED3F3850001A3C6;
					};
					61AAB4D52ED3F3860001A3C6 = {
						CreatedOnToolsVersion = 26.1.1;
						TestTargetID = 61AAB4BE2ED3F3850001A3C6;
					};
				};
			};
			buildConfigurationList = 61AAB4BA2ED3F3850001A3C6 /* Build configuration list for PBXProject "EchoNav" */;
			developmentRegion = en;
			hasScannedForEncodings = 0;
			knownRegions = (
				en,
				Base,
			);
			mainGroup = 61AAB4B62ED3F3850001A3C6;
			minimizedProjectReferenceProxies = 1;
			preferredProjectObjectVersion = 77;
			productRefGroup = 61AAB4C02ED3F3850001A3C6 /* Products */;
			projectDirPath = "";
			projectRoot = "";
			targets = (
				61AAB4BE2ED3F3850001A3C6 /* EchoNav */,
				61AAB4CB2ED3F3860001A3C6 /* EchoNavTests */,
				61AAB4D52ED3F3860001A3C6 /* EchoNavUITests */,
			);
		};
/* End PBXProject section */

/* Begin PBXResourcesBuildPhase section */
		61AAB4BD2ED3F3850001A3C6 /* Resources */ = {
			isa = PBXResourcesBuildPhase;
			buildActionMask = 2147483647;
			files = (
			);
			runOnlyForDeploymentPostprocessing = 0;
		};
		61AAB4CA2ED3F3860001A3C6 /* Resources */ = {
			isa = PBXResourcesBuildPhase;
			buildActionMask = 2147483647;
			files = (
			);
			runOnlyForDeploymentPostprocessing = 0;
		};
		61AAB4D42ED3F3860001A3C6 /* Resources */ = {
			isa = PBXResourcesBuildPhase;
			buildActionMask = 2147483647;
			files = (
			);
			runOnlyForDeploymentPostprocessing = 0;
		};
/* End PBXResourcesBuildPhase section */

/* Begin PBXSourcesBuildPhase section */
		61AAB4BB2ED3F3850001A3C6 /* Sources */ = {
			isa = PBXSourcesBuildPhase;
			buildActionMask = 2147483647;
			files = (
				6141DB7D2ED6ABB2007175B2 /* yolov8l.mlpackage in Sources */,
				6141DB7B2ED6AAD7007175B2 /* yolov8m.mlpackage in Sources */,
			);
			runOnlyForDeploymentPostprocessing = 0;
		};
		61AAB4C82ED3F3860001A3C6 /* Sources */ = {
			isa = PBXSourcesBuildPhase;
			buildActionMask = 2147483647;
			files = (
			);
			runOnlyForDeploymentPostprocessing = 0;
		};
		61AAB4D22ED3F3860001A3C6 /* Sources */ = {
			isa = PBXSourcesBuildPhase;
			buildActionMask = 2147483647;
			files = (
			);
			runOnlyForDeploymentPostprocessing = 0;
		};
/* End PBXSourcesBuildPhase section */

/* Begin PBXTargetDependency section */
		61AAB4CE2ED3F3860001A3C6 /* PBXTargetDependency */ = {
			isa = PBXTargetDependency;
			target = 61AAB4BE2ED3F3850001A3C6 /* EchoNav */;
			targetProxy = 61AAB4CD2ED3F3860001A3C6 /* PBXContainerItemProxy */;
		};
		61AAB4D82ED3F3860001A3C6 /* PBXTargetDependency */ = {
			isa = PBXTargetDependency;
			target = 61AAB4BE2ED3F3850001A3C6 /* EchoNav */;
			targetProxy = 61AAB4D72ED3F3860001A3C6 /* PBXContainerItemProxy */;
		};
/* End PBXTargetDependency section */

/* Begin XCBuildConfiguration section */
		61AAB4DE2ED3F3860001A3C6 /* Debug */ = {
			isa = XCBuildConfiguration;
			buildSettings = {
				ALWAYS_SEARCH_USER_PATHS = NO;
				ASSETCATALOG_COMPILER_GENERATE_SWIFT_ASSET_SYMBOL_EXTENSIONS = YES;
				CLANG_ANALYZER_NONNULL = YES;
				CLANG_ANALYZER_NUMBER_OBJECT_CONVERSION = YES_AGGRESSIVE;
				CLANG_CXX_LANGUAGE_STANDARD = "gnu++20";
				CLANG_ENABLE_MODULES = YES;
				CLANG_ENABLE_OBJC_ARC = YES;
				CLANG_ENABLE_OBJC_WEAK = YES;
				CLANG_WARN_BLOCK_CAPTURE_AUTORELEASING = YES;
				CLANG_WARN_BOOL_CONVERSION = YES;
				CLANG_WARN_COMMA = YES;
				CLANG_WARN_CONSTANT_CONVERSION = YES;
				CLANG_WARN_DEPRECATED_OBJC_IMPLEMENTATIONS = YES;
				CLANG_WARN_DIRECT_OBJC_ISA_USAGE = YES_ERROR;
				CLANG_WARN_DOCUMENTATION_COMMENTS = YES;
				CLANG_WARN_EMPTY_BODY = YES;
				CLANG_WARN_ENUM_CONVERSION = YES;
				CLANG_WARN_INFINITE_RECURSION = YES;
				CLANG_WARN_INT_CONVERSION = YES;
				CLANG_WARN_NON_LITERAL_NULL_CONVERSION = YES;
				CLANG_WARN_OBJC_IMPLICIT_RETAIN_SELF = YES;
				CLANG_WARN_OBJC_LITERAL_CONVERSION = YES;
				CLANG_WARN_OBJC_ROOT_CLASS = YES_ERROR;
				CLANG_WARN_QUOTED_INCLUDE_IN_FRAMEWORK_HEADER = YES;
				CLANG_WARN_RANGE_LOOP_ANALYSIS = YES;
				CLANG_WARN_STRICT_PROTOTYPES = YES;
				CLANG_WARN_SUSPICIOUS_MOVE = YES;
				CLANG_WARN_UNGUARDED_AVAILABILITY = YES_AGGRESSIVE;
				CLANG_WARN_UNREACHABLE_CODE = YES;
				CLANG_WARN__DUPLICATE_METHOD_MATCH = YES;
				COPY_PHASE_STRIP = NO;
				DEBUG_INFORMATION_FORMAT = dwarf;
				DEVELOPMENT_TEAM = L8U9MGZRY6;
				ENABLE_STRICT_OBJC_MSGSEND = YES;
				ENABLE_TESTABILITY = YES;
				ENABLE_USER_SCRIPT_SANDBOXING = YES;
				GCC_C_LANGUAGE_STANDARD = gnu17;
				GCC_DYNAMIC_NO_PIC = NO;
				GCC_NO_COMMON_BLOCKS = YES;
				GCC_OPTIMIZATION_LEVEL = 0;
				GCC_PREPROCESSOR_DEFINITIONS = (
					"DEBUG=1",
					"$(inherited)",
				);
				GCC_WARN_64_TO_32_BIT_CONVERSION = YES;
				GCC_WARN_ABOUT_RETURN_TYPE = YES_ERROR;
				GCC_WARN_UNDECLARED_SELECTOR = YES;
				GCC_WARN_UNINITIALIZED_AUTOS = YES_AGGRESSIVE;
				GCC_WARN_UNUSED_FUNCTION = YES;
				GCC_WARN_UNUSED_VARIABLE = YES;
				IPHONEOS_DEPLOYMENT_TARGET = 26.1;
				LOCALIZATION_PREFERS_STRING_CATALOGS = YES;
				MTL_ENABLE_DEBUG_INFO = INCLUDE_SOURCE;
				MTL_FAST_MATH = YES;
				ONLY_ACTIVE_ARCH = YES;
				SDKROOT = iphoneos;
				SWIFT_ACTIVE_COMPILATION_CONDITIONS = "DEBUG $(inherited)";
				SWIFT_OPTIMIZATION_LEVEL = "-Onone";
			};
			name = Debug;
		};
		61AAB4DF2ED3F3860001A3C6 /* Release */ = {
			isa = XCBuildConfiguration;
			buildSettings = {
				ALWAYS_SEARCH_USER_PATHS = NO;
				ASSETCATALOG_COMPILER_GENERATE_SWIFT_ASSET_SYMBOL_EXTENSIONS = YES;
				CLANG_ANALYZER_NONNULL = YES;
				CLANG_ANALYZER_NUMBER_OBJECT_CONVERSION = YES_AGGRESSIVE;
				CLANG_CXX_LANGUAGE_STANDARD = "gnu++20";
				CLANG_ENABLE_MODULES = YES;
				CLANG_ENABLE_OBJC_ARC = YES;
				CLANG_ENABLE_OBJC_WEAK = YES;
				CLANG_WARN_BLOCK_CAPTURE_AUTORELEASING = YES;
				CLANG_WARN_BOOL_CONVERSION = YES;
				CLANG_WARN_COMMA = YES;
				CLANG_WARN_CONSTANT_CONVERSION = YES;
				CLANG_WARN_DEPRECATED_OBJC_IMPLEMENTATIONS = YES;
				CLANG_WARN_DIRECT_OBJC_ISA_USAGE = YES_ERROR;
				CLANG_WARN_DOCUMENTATION_COMMENTS = YES;
				CLANG_WARN_EMPTY_BODY = YES;
				CLANG_WARN_ENUM_CONVERSION = YES;
				CLANG_WARN_INFINITE_RECURSION = YES;
				CLANG_WARN_INT_CONVERSION = YES;
				CLANG_WARN_NON_LITERAL_NULL_CONVERSION = YES;
				CLANG_WARN_OBJC_IMPLICIT_RETAIN_SELF = YES;
				CLANG_WARN_OBJC_LITERAL_CONVERSION = YES;
				CLANG_WARN_OBJC_ROOT_CLASS = YES_ERROR;
				CLANG_WARN_QUOTED_INCLUDE_IN_FRAMEWORK_HEADER = YES;
				CLANG_WARN_RANGE_LOOP_ANALYSIS = YES;
				CLANG_WARN_STRICT_PROTOTYPES = YES;
				CLANG_WARN_SUSPICIOUS_MOVE = YES;
				CLANG_WARN_UNGUARDED_AVAILABILITY = YES_AGGRESSIVE;
				CLANG_WARN_UNREACHABLE_CODE = YES;
				CLANG_WARN__DUPLICATE_METHOD_MATCH = YES;
				COPY_PHASE_STRIP = NO;
				DEBUG_INFORMATION_FORMAT = "dwarf-with-dsym";
				DEVELOPMENT_TEAM = L8U9MGZRY6;
				ENABLE_NS_ASSERTIONS = NO;
				ENABLE_STRICT_OBJC_MSGSEND = YES;
				ENABLE_USER_SCRIPT_SANDBOXING = YES;
				GCC_C_LANGUAGE_STANDARD = gnu17;
				GCC_NO_COMMON_BLOCKS = YES;
				GCC_WARN_64_TO_32_BIT_CONVERSION = YES;
				GCC_WARN_ABOUT_RETURN_TYPE = YES_ERROR;
				GCC_WARN_UNDECLARED_SELECTOR = YES;
				GCC_WARN_UNINITIALIZED_AUTOS = YES_AGGRESSIVE;
				GCC_WARN_UNUSED_FUNCTION = YES;
				GCC_WARN_UNUSED_VARIABLE = YES;
				IPHONEOS_DEPLOYMENT_TARGET = 26.1;
				LOCALIZATION_PREFERS_STRING_CATALOGS = YES;
				MTL_ENABLE_DEBUG_INFO = NO;
				MTL_FAST_MATH = YES;
				SDKROOT = iphoneos;
				SWIFT_COMPILATION_MODE = wholemodule;
				VALIDATE_PRODUCT = YES;
			};
			name = Release;
		};
		61AAB4E12ED3F3860001A3C6 /* Debug */ = {
			isa = XCBuildConfiguration;
			buildSettings = {
				ASSETCATALOG_COMPILER_APPICON_NAME = AppIcon;
				ASSETCATALOG_COMPILER_GLOBAL_ACCENT_COLOR_NAME = AccentColor;
				CODE_SIGN_STYLE = Automatic;
				CURRENT_PROJECT_VERSION = 1;
				DEVELOPMENT_TEAM = L8U9MGZRY6;
				ENABLE_PREVIEWS = YES;
				GENERATE_INFOPLIST_FILE = YES;
				INFOPLIST_KEY_NSCameraUsageDescription = "EchoNav utilise la caméra pour détecter les obstacles et vous aider à naviguer en toute sécurité.";
				INFOPLIST_KEY_UIApplicationSceneManifest_Generation = YES;
				INFOPLIST_KEY_UIApplicationSupportsIndirectInputEvents = YES;
				INFOPLIST_KEY_UILaunchScreen_Generation = YES;
				INFOPLIST_KEY_UISupportedInterfaceOrientations_iPad = "UIInterfaceOrientationPortrait UIInterfaceOrientationPortraitUpsideDown UIInterfaceOrientationLandscapeLeft UIInterfaceOrientationLandscapeRight";
				INFOPLIST_KEY_UISupportedInterfaceOrientations_iPhone = "UIInterfaceOrientationPortrait UIInterfaceOrientationLandscapeLeft UIInterfaceOrientationLandscapeRight";
				LD_RUNPATH_SEARCH_PATHS = (
					"$(inherited)",
					"@executable_path/Frameworks",
				);
				MARKETING_VERSION = 1.0;
				PRODUCT_BUNDLE_IDENTIFIER = "EchoNav-.EchoNav";
				PRODUCT_NAME = "$(TARGET_NAME)";
				STRING_CATALOG_GENERATE_SYMBOLS = YES;
				SWIFT_APPROACHABLE_CONCURRENCY = YES;
				SWIFT_DEFAULT_ACTOR_ISOLATION = MainActor;
				SWIFT_EMIT_LOC_STRINGS = YES;
				SWIFT_UPCOMING_FEATURE_MEMBER_IMPORT_VISIBILITY = YES;
				SWIFT_VERSION = 5.0;
				TARGETED_DEVICE_FAMILY = "1,2";
			};
			name = Debug;
		};
		61AAB4E22ED3F3860001A3C6 /* Release */ = {
			isa = XCBuildConfiguration;
			buildSettings = {
				ASSETCATALOG_COMPILER_APPICON_NAME = AppIcon;
				ASSETCATALOG_COMPILER_GLOBAL_ACCENT_COLOR_NAME = AccentColor;
				CODE_SIGN_STYLE = Automatic;
				CURRENT_PROJECT_VERSION = 1;
				DEVELOPMENT_TEAM = L8U9MGZRY6;
				ENABLE_PREVIEWS = YES;
				GENERATE_INFOPLIST_FILE = YES;
				INFOPLIST_KEY_NSCameraUsageDescription = "EchoNav utilise la caméra pour détecter les obstacles et vous aider à naviguer en toute sécurité.";
				INFOPLIST_KEY_UIApplicationSceneManifest_Generation = YES;
				INFOPLIST_KEY_UIApplicationSupportsIndirectInputEvents = YES;
				INFOPLIST_KEY_UILaunchScreen_Generation = YES;
				INFOPLIST_KEY_UISupportedInterfaceOrientations_iPad = "UIInterfaceOrientationPortrait UIInterfaceOrientationPortraitUpsideDown UIInterfaceOrientationLandscapeLeft UIInterfaceOrientationLandscapeRight";
				INFOPLIST_KEY_UISupportedInterfaceOrientations_iPhone = "UIInterfaceOrientationPortrait UIInterfaceOrientationLandscapeLeft UIInterfaceOrientationLandscapeRight";
				LD_RUNPATH_SEARCH_PATHS = (
					"$(inherited)",
					"@executable_path/Frameworks",
				);
				MARKETING_VERSION = 1.0;
				PRODUCT_BUNDLE_IDENTIFIER = "EchoNav-.EchoNav";
				PRODUCT_NAME = "$(TARGET_NAME)";
				STRING_CATALOG_GENERATE_SYMBOLS = YES;
				SWIFT_APPROACHABLE_CONCURRENCY = YES;
				SWIFT_DEFAULT_ACTOR_ISOLATION = MainActor;
				SWIFT_EMIT_LOC_STRINGS = YES;
				SWIFT_UPCOMING_FEATURE_MEMBER_IMPORT_VISIBILITY = YES;
				SWIFT_VERSION = 5.0;
				TARGETED_DEVICE_FAMILY = "1,2";
			};
			name = Release;
		};
		61AAB4E42ED3F3860001A3C6 /* Debug */ = {
			isa = XCBuildConfiguration;
			buildSettings = {
				BUNDLE_LOADER = "$(TEST_HOST)";
				CODE_SIGN_STYLE = Automatic;
				CURRENT_PROJECT_VERSION = 1;
				DEVELOPMENT_TEAM = L8U9MGZRY6;
				GENERATE_INFOPLIST_FILE = YES;
				IPHONEOS_DEPLOYMENT_TARGET = 26.1;
				MARKETING_VERSION = 1.0;
				PRODUCT_BUNDLE_IDENTIFIER = "EchoNav-.EchoNavTests";
				PRODUCT_NAME = "$(TARGET_NAME)";
				STRING_CATALOG_GENERATE_SYMBOLS = NO;
				SWIFT_APPROACHABLE_CONCURRENCY = YES;
				SWIFT_EMIT_LOC_STRINGS = NO;
				SWIFT_UPCOMING_FEATURE_MEMBER_IMPORT_VISIBILITY = YES;
				SWIFT_VERSION = 5.0;
				TARGETED_DEVICE_FAMILY = "1,2";
				TEST_HOST = "$(BUILT_PRODUCTS_DIR)/EchoNav.app/$(BUNDLE_EXECUTABLE_FOLDER_PATH)/EchoNav";
			};
			name = Debug;
		};
		61AAB4E52ED3F3860001A3C6 /* Release */ = {
			isa = XCBuildConfiguration;
			buildSettings = {
				BUNDLE_LOADER = "$(TEST_HOST)";
				CODE_SIGN_STYLE = Automatic;
				CURRENT_PROJECT_VERSION = 1;
				DEVELOPMENT_TEAM = L8U9MGZRY6;
				GENERATE_INFOPLIST_FILE = YES;
				IPHONEOS_DEPLOYMENT_TARGET = 26.1;
				MARKETING_VERSION = 1.0;
				PRODUCT_BUNDLE_IDENTIFIER = "EchoNav-.EchoNavTests";
				PRODUCT_NAME = "$(TARGET_NAME)";
				STRING_CATALOG_GENERATE_SYMBOLS = NO;
				SWIFT_APPROACHABLE_CONCURRENCY = YES;
				SWIFT_EMIT_LOC_STRINGS = NO;
				SWIFT_UPCOMING_FEATURE_MEMBER_IMPORT_VISIBILITY = YES;
				SWIFT_VERSION = 5.0;
				TARGETED_DEVICE_FAMILY = "1,2";
				TEST_HOST = "$(BUILT_PRODUCTS_DIR)/EchoNav.app/$(BUNDLE_EXECUTABLE_FOLDER_PATH)/EchoNav";
			};
			name = Release;
		};
		61AAB4E72ED3F3860001A3C6 /* Debug */ = {
			isa = XCBuildConfiguration;
			buildSettings = {
				CODE_SIGN_STYLE = Automatic;
				CURRENT_PROJECT_VERSION = 1;
				DEVELOPMENT_TEAM = L8U9MGZRY6;
				GENERATE_INFOPLIST_FILE = YES;
				MARKETING_VERSION = 1.0;
				PRODUCT_BUNDLE_IDENTIFIER = "EchoNav-.EchoNavUITests";
				PRODUCT_NAME = "$(TARGET_NAME)";
				STRING_CATALOG_GENERATE_SYMBOLS = NO;
				SWIFT_APPROACHABLE_CONCURRENCY = YES;
				SWIFT_EMIT_LOC_STRINGS = NO;
				SWIFT_UPCOMING_FEATURE_MEMBER_IMPORT_VISIBILITY = YES;
				SWIFT_VERSION = 5.0;
				TARGETED_DEVICE_FAMILY = "1,2";
				TEST_TARGET_NAME = EchoNav;
			};
			name = Debug;
		};
		61AAB4E82ED3F3860001A3C6 /* Release */ = {
			isa = XCBuildConfiguration;
			buildSettings = {
				CODE_SIGN_STYLE = Automatic;
				CURRENT_PROJECT_VERSION = 1;
				DEVELOPMENT_TEAM = L8U9MGZRY6;
				GENERATE_INFOPLIST_FILE = YES;
				MARKETING_VERSION = 1.0;
				PRODUCT_BUNDLE_IDENTIFIER = "EchoNav-.EchoNavUITests";
				PRODUCT_NAME = "$(TARGET_NAME)";
				STRING_CATALOG_GENERATE_SYMBOLS = NO;
				SWIFT_APPROACHABLE_CONCURRENCY = YES;
				SWIFT_EMIT_LOC_STRINGS = NO;
				SWIFT_UPCOMING_FEATURE_MEMBER_IMPORT_VISIBILITY = YES;
				SWIFT_VERSION = 5.0;
				TARGETED_DEVICE_FAMILY = "1,2";
				TEST_TARGET_NAME = EchoNav;
			};
			name = Release;
		};
/* End XCBuildConfiguration section */

/* Begin XCConfigurationList section */
		61AAB4BA2ED3F3850001A3C6 /* Build configuration list for PBXProject "EchoNav" */ = {
			isa = XCConfigurationList;
			buildConfigurations = (
				61AAB4DE2ED3F3860001A3C6 /* Debug */,
				61AAB4DF2ED3F3860001A3C6 /* Release */,
			);
			defaultConfigurationIsVisible = 0;
			defaultConfigurationName = Release;
		};
		61AAB4E02ED3F3860001A3C6 /* Build configuration list for PBXNativeTarget "EchoNav" */ = {
			isa = XCConfigurationList;
			buildConfigurations = (
				61AAB4E12ED3F3860001A3C6 /* Debug */,
				61AAB4E22ED3F3860001A3C6 /* Release */,
			);
			defaultConfigurationIsVisible = 0;
			defaultConfigurationName = Release;
		};
		61AAB4E32ED3F3860001A3C6 /* Build configuration list for PBXNativeTarget "EchoNavTests" */ = {
			isa = XCConfigurationList;
			buildConfigurations = (
				61AAB4E42ED3F3860001A3C6 /* Debug */,
				61AAB4E52ED3F3860001A3C6 /* Release */,
			);
			defaultConfigurationIsVisible = 0;
			defaultConfigurationName = Release;
		};
		61AAB4E62ED3F3860001A3C6 /* Build configuration list for PBXNativeTarget "EchoNavUITests" */ = {
			isa = XCConfigurationList;
			buildConfigurations = (
				61AAB4E72ED3F3860001A3C6 /* Debug */,
				61AAB4E82ED3F3860001A3C6 /* Release */,
			);
			defaultConfigurationIsVisible = 0;
			defaultConfigurationName = Release;
		};
/* End XCConfigurationList section */
	};
	rootObject = 61AAB4B72ED3F3850001A3C6 /* Project object */;
}
